<?xml version="1.0" encoding="utf-8"?>
<Project ToolsVersion="4.0" xmlns="http://schemas.microsoft.com/developer/msbuild/2003">
  <ItemGroup>
    <Filter Include="Quelldateien">
      <UniqueIdentifier>{4FC737F1-C7A5-4376-A066-2A32D752A2FF}</UniqueIdentifier>
      <Extensions>cpp;c;cc;cxx;c++;def;odl;idl;hpj;bat;asm;asmx</Extensions>
    </Filter>
    <Filter Include="Headerdateien">
      <UniqueIdentifier>{93995380-89BD-4b04-88EB-625FBE52EBFB}</UniqueIdentifier>
      <Extensions>h;hh;hpp;hxx;h++;hm;inl;inc;ipp;xsd</Extensions>
    </Filter>
    <Filter Include="Ressourcendateien">
      <UniqueIdentifier>{67DA6AB6-F800-4c08-8B7A-83BB121AAD01}</UniqueIdentifier>
      <Extensions>rc;ico;cur;bmp;dlg;rc2;rct;bin;rgs;gif;jpg;jpeg;jpe;resx;tiff;tif;png;wav;mfcribbon-ms</Extensions>
    </Filter>
  </ItemGroup>
  <ItemGroup>
    <ClCompile Include="Main.cpp">
      <Filter>Quelldateien</Filter>
    </ClCompile>
    <ClCompile Include="Window.cpp">
      <Filter>Quelldateien</Filter>
    </ClCompile>
    <ClCompile Include="glad.c">
      <Filter>Quelldateien</Filter>
    </ClCompile>
    <ClCompile Include="Color.cpp">
      <Filter>Quelldateien</Filter>
    </ClCompile>
    <ClCompile Include="EventHandler.cpp">
      <Filter>Quelldateien</Filter>
    </ClCompile>
    <ClCompile Include="Vertex.cpp">
      <Filter>Quelldateien</Filter>
    </ClCompile>
    <ClCompile Include="VertexArray.cpp">
      <Filter>Quelldateien</Filter>
    </ClCompile>
    <ClCompile Include="Shader.cpp">
      <Filter>Quelldateien</Filter>
    </ClCompile>
    <ClCompile Include="stb_image.cpp">
      <Filter>Quelldateien</Filter>
    </ClCompile>
    <ClCompile Include="Utility.cpp">
      <Filter>Quelldateien</Filter>
    </ClCompile>
    <ClCompile Include="Image.cpp">
      <Filter>Quelldateien</Filter>
    </ClCompile>
    <ClCompile Include="Texture.cpp">
      <Filter>Quelldateien</Filter>
    </ClCompile>
    <ClCompile Include="Sprite.cpp">
      <Filter>Quelldateien</Filter>
    </ClCompile>
    <ClCompile Include="Transformable.cpp">
      <Filter>Quelldateien</Filter>
    </ClCompile>
    <ClCompile Include="Transform.cpp">
      <Filter>Quelldateien</Filter>
    </ClCompile>
    <ClCompile Include="Time.cpp">
      <Filter>Quelldateien</Filter>
    </ClCompile>
    <ClCompile Include="Clock.cpp">
      <Filter>Quelldateien</Filter>
    </ClCompile>
    <ClCompile Include="Font.cpp">
      <Filter>Quelldateien</Filter>
    </ClCompile>
    <ClCompile Include="Text.cpp">
      <Filter>Quelldateien</Filter>
    </ClCompile>
    <ClCompile Include="ScopedProfiler.cpp">
      <Filter>Quelldateien</Filter>
    </ClCompile>
    <ClCompile Include="AudioSystem.cpp">
      <Filter>Quelldateien</Filter>
    </ClCompile>
    <ClCompile Include="Music.cpp">
      <Filter>Quelldateien</Filter>
    </ClCompile>
    <ClCompile Include="SoundBuffer.cpp">
      <Filter>Quelldateien</Filter>
    </ClCompile>
    <ClCompile Include="Sound.cpp">
      <Filter>Quelldateien</Filter>
    </ClCompile>
    <ClCompile Include="Camera.cpp">
      <Filter>Quelldateien</Filter>
    </ClCompile>
    <ClCompile Include="Event.cpp">
      <Filter>Quelldateien</Filter>
    </ClCompile>
    <ClCompile Include="GamepadState.cpp">
      <Filter>Quelldateien</Filter>
    </ClCompile>
    <ClCompile Include="Animation.cpp">
      <Filter>Quelldateien</Filter>
    </ClCompile>
    <ClCompile Include="Container.cpp">
      <Filter>Quelldateien</Filter>
    </ClCompile>
    <ClCompile Include="Label.cpp">
      <Filter>Quelldateien</Filter>
    </ClCompile>
    <ClCompile Include="Button.cpp">
      <Filter>Quelldateien</Filter>
    </ClCompile>
    <ClCompile Include="Entity.cpp">
      <Filter>Quelldateien</Filter>
    </ClCompile>
    <ClCompile Include="GUIComponent.cpp">
      <Filter>Quelldateien</Filter>
    </ClCompile>
    <ClCompile Include="Component.cpp">
      <Filter>Quelldateien</Filter>
    </ClCompile>
    <ClCompile Include="EntityContainer.cpp">
      <Filter>Quelldateien</Filter>
    </ClCompile>
    <ClCompile Include="TestComponent.cpp">
      <Filter>Quelldateien</Filter>
    </ClCompile>
    <ClCompile Include="SpriteRenderer.cpp">
      <Filter>Quelldateien</Filter>
    </ClCompile>
    <ClCompile Include="AnimationRenderer.cpp">
      <Filter>Quelldateien</Filter>
    </ClCompile>
    <ClCompile Include="TextRenderer.cpp">
      <Filter>Quelldateien</Filter>
    </ClCompile>
    <ClCompile Include="Application.cpp">
      <Filter>Quelldateien</Filter>
    </ClCompile>
    <ClCompile Include="StateStack.cpp">
      <Filter>Quelldateien</Filter>
    </ClCompile>
    <ClCompile Include="State.cpp">
      <Filter>Quelldateien</Filter>
    </ClCompile>
    <ClCompile Include="TitleState.cpp">
      <Filter>Quelldateien</Filter>
    </ClCompile>
    <ClCompile Include="MainMenuState.cpp">
      <Filter>Quelldateien</Filter>
    </ClCompile>
    <ClCompile Include="Tilemap.cpp">
      <Filter>Quelldateien</Filter>
    </ClCompile>
    <ClCompile Include="GameState.cpp">
      <Filter>Quelldateien</Filter>
    </ClCompile>
    <ClCompile Include="SavegameController.cpp">
      <Filter>Quelldateien</Filter>
    </ClCompile>
  </ItemGroup>
  <ItemGroup>
    <ClInclude Include="Window.h">
      <Filter>Headerdateien</Filter>
    </ClInclude>
    <ClInclude Include="NonCopyable.h">
      <Filter>Headerdateien</Filter>
    </ClInclude>
    <ClInclude Include="Color.h">
      <Filter>Headerdateien</Filter>
    </ClInclude>
    <ClInclude Include="Event.h">
      <Filter>Headerdateien</Filter>
    </ClInclude>
    <ClInclude Include="EventHandler.h">
      <Filter>Headerdateien</Filter>
    </ClInclude>
    <ClInclude Include="Vertex.h">
      <Filter>Headerdateien</Filter>
    </ClInclude>
    <ClInclude Include="VertexArray.h">
      <Filter>Headerdateien</Filter>
    </ClInclude>
    <ClInclude Include="Shader.h">
      <Filter>Headerdateien</Filter>
    </ClInclude>
    <ClInclude Include="RenderStates.h">
      <Filter>Headerdateien</Filter>
    </ClInclude>
    <ClInclude Include="Drawable.h">
      <Filter>Headerdateien</Filter>
    </ClInclude>
    <ClInclude Include="Utility.h">
      <Filter>Headerdateien</Filter>
    </ClInclude>
    <ClInclude Include="Image.h">
      <Filter>Headerdateien</Filter>
    </ClInclude>
    <ClInclude Include="Texture.h">
      <Filter>Headerdateien</Filter>
    </ClInclude>
    <ClInclude Include="Sprite.h">
      <Filter>Headerdateien</Filter>
    </ClInclude>
    <ClInclude Include="Transformable.h">
      <Filter>Headerdateien</Filter>
    </ClInclude>
    <ClInclude Include="Transform.h">
      <Filter>Headerdateien</Filter>
    </ClInclude>
    <ClInclude Include="Clock.h">
      <Filter>Headerdateien</Filter>
    </ClInclude>
    <ClInclude Include="Time.h">
      <Filter>Headerdateien</Filter>
    </ClInclude>
    <ClInclude Include="Font.h">
      <Filter>Headerdateien</Filter>
    </ClInclude>
    <ClInclude Include="Text.h">
      <Filter>Headerdateien</Filter>
    </ClInclude>
    <ClInclude Include="Rect.h">
      <Filter>Headerdateien</Filter>
    </ClInclude>
    <ClInclude Include="ScopedProfiler.h">
      <Filter>Headerdateien</Filter>
    </ClInclude>
    <ClInclude Include="AudioSystem.h">
      <Filter>Headerdateien</Filter>
    </ClInclude>
    <ClInclude Include="Music.h">
      <Filter>Headerdateien</Filter>
    </ClInclude>
    <ClInclude Include="SoundBuffer.h">
      <Filter>Headerdateien</Filter>
    </ClInclude>
    <ClInclude Include="Sound.h">
      <Filter>Headerdateien</Filter>
    </ClInclude>
    <ClInclude Include="ResourceHolder.h">
      <Filter>Headerdateien</Filter>
    </ClInclude>
    <ClInclude Include="Camera.h">
      <Filter>Headerdateien</Filter>
    </ClInclude>
    <ClInclude Include="GamepadState.h">
      <Filter>Headerdateien</Filter>
    </ClInclude>
    <ClInclude Include="Animation.h">
      <Filter>Headerdateien</Filter>
    </ClInclude>
    <ClInclude Include="Container.h">
      <Filter>Headerdateien</Filter>
    </ClInclude>
    <ClInclude Include="Button.h">
      <Filter>Headerdateien</Filter>
    </ClInclude>
    <ClInclude Include="Label.h">
      <Filter>Headerdateien</Filter>
    </ClInclude>
    <ClInclude Include="Entity.h">
      <Filter>Headerdateien</Filter>
    </ClInclude>
    <ClInclude Include="GUIComponent.h">
      <Filter>Headerdateien</Filter>
    </ClInclude>
    <ClInclude Include="Component.h">
      <Filter>Headerdateien</Filter>
    </ClInclude>
    <ClInclude Include="EntityContainer.h">
      <Filter>Headerdateien</Filter>
    </ClInclude>
    <ClInclude Include="TestComponent.h">
      <Filter>Headerdateien</Filter>
    </ClInclude>
    <ClInclude Include="SpriteRenderer.h">
      <Filter>Headerdateien</Filter>
    </ClInclude>
    <ClInclude Include="AnimationRenderer.h">
      <Filter>Headerdateien</Filter>
    </ClInclude>
    <ClInclude Include="TextRenderer.h">
      <Filter>Headerdateien</Filter>
    </ClInclude>
    <ClInclude Include="Application.h">
      <Filter>Headerdateien</Filter>
    </ClInclude>
    <ClInclude Include="State.h">
      <Filter>Headerdateien</Filter>
    </ClInclude>
    <ClInclude Include="StateStack.h">
      <Filter>Headerdateien</Filter>
    </ClInclude>
    <ClInclude Include="StateIdentifiers.h">
      <Filter>Headerdateien</Filter>
    </ClInclude>
    <ClInclude Include="TitleState.h">
      <Filter>Headerdateien</Filter>
    </ClInclude>
    <ClInclude Include="AppContext.h">
      <Filter>Headerdateien</Filter>
    </ClInclude>
    <ClInclude Include="ResourceIdentifiers.h">
      <Filter>Headerdateien</Filter>
    </ClInclude>
    <ClInclude Include="MainMenuState.h">
      <Filter>Headerdateien</Filter>
    </ClInclude>
    <ClInclude Include="Tilemap.h">
      <Filter>Headerdateien</Filter>
    </ClInclude>
    <ClInclude Include="GameState.h">
      <Filter>Headerdateien</Filter>
    </ClInclude>
    <ClInclude Include="Tile.h">
      <Filter>Headerdateien</Filter>
    </ClInclude>
    <ClInclude Include="SavegameController.h">
      <Filter>Headerdateien</Filter>
    </ClInclude>
  </ItemGroup>
  <ItemGroup>
    <None Include="shaders\default.vert" />
    <None Include="shaders\default.frag" />
    <None Include="Rect.inl">
      <Filter>Headerdateien</Filter>
    </None>
    <None Include="ResourceHolder.inl">
      <Filter>Headerdateien</Filter>
    </None>
  </ItemGroup>
</Project>